// !$*UTF8*$!
{
	archiveVersion = 1;
	classes = {
	};
	objectVersion = 77;
	objects = {

/* Begin PBXBuildFile section */
		270C742A2CF3869B0074E458 /* FirebaseAuth in Frameworks */ = {isa = PBXBuildFile; productRef = 270C74292CF3869B0074E458 /* FirebaseAuth */; };
		270C742C2CF3869B0074E458 /* FirebaseDatabase in Frameworks */ = {isa = PBXBuildFile; productRef = 270C742B2CF3869B0074E458 /* FirebaseDatabase */; };
		273727062D28A08100D4E152 /* FirebaseAnalytics in Frameworks */ = {isa = PBXBuildFile; productRef = 273727052D28A08100D4E152 /* FirebaseAnalytics */; };
		273727082D28A08600D4E152 /* FirebasePerformance in Frameworks */ = {isa = PBXBuildFile; productRef = 273727072D28A08600D4E152 /* FirebasePerformance */; };
/* End PBXBuildFile section */

/* Begin PBXContainerItemProxy section */
		27C5E84F2CE726B5004170C8 /* PBXContainerItemProxy */ = {
			isa = PBXContainerItemProxy;
			containerPortal = 27C5E8362CE726AB004170C8 /* Project object */;
			proxyType = 1;
			remoteGlobalIDString = 27C5E83D2CE726AB004170C8;
			remoteInfo = AttendanceScanner;
		};
		27C5E8592CE726B5004170C8 /* PBXContainerItemProxy */ = {
			isa = PBXContainerItemProxy;
			containerPortal = 27C5E8362CE726AB004170C8 /* Project object */;
			proxyType = 1;
			remoteGlobalIDString = 27C5E83D2CE726AB004170C8;
			remoteInfo = AttendanceScanner;
		};
/* End PBXContainerItemProxy section */

/* Begin PBXFileReference section */
		27C5E83E2CE726AB004170C8 /* AttendanceScanner.app */ = {isa = PBXFileReference; explicitFileType = wrapper.application; includeInIndex = 0; path = AttendanceScanner.app; sourceTree = BUILT_PRODUCTS_DIR; };
		27C5E84E2CE726B5004170C8 /* AttendanceScannerTests.xctest */ = {isa = PBXFileReference; explicitFileType = wrapper.cfbundle; includeInIndex = 0; path = AttendanceScannerTests.xctest; sourceTree = BUILT_PRODUCTS_DIR; };
		27C5E8582CE726B5004170C8 /* AttendanceScannerUITests.xctest */ = {isa = PBXFileReference; explicitFileType = wrapper.cfbundle; includeInIndex = 0; path = AttendanceScannerUITests.xctest; sourceTree = BUILT_PRODUCTS_DIR; };
/* End PBXFileReference section */

/* Begin PBXFileSystemSynchronizedBuildFileExceptionSet section */
		278A62A22CE8A801002B1ADC /* Exceptions for "AttendanceScanner" folder in "AttendanceScanner" target */ = {
			isa = PBXFileSystemSynchronizedBuildFileExceptionSet;
			membershipExceptions = (
				Info.plist,
			);
			target = 27C5E83D2CE726AB004170C8 /* AttendanceScanner */;
		};
/* End PBXFileSystemSynchronizedBuildFileExceptionSet section */

/* Begin PBXFileSystemSynchronizedRootGroup section */
		27C5E8402CE726AB004170C8 /* AttendanceScanner */ = {
			isa = PBXFileSystemSynchronizedRootGroup;
			exceptions = (
				278A62A22CE8A801002B1ADC /* Exceptions for "AttendanceScanner" folder in "AttendanceScanner" target */,
			);
			path = AttendanceScanner;
			sourceTree = "<group>";
		};
		27C5E8512CE726B5004170C8 /* AttendanceScannerTests */ = {
			isa = PBXFileSystemSynchronizedRootGroup;
			path = AttendanceScannerTests;
			sourceTree = "<group>";
		};
/* End PBXFileSystemSynchronizedRootGroup section */

/* Begin PBXFrameworksBuildPhase section */
		27C5E83B2CE726AB004170C8 /* Frameworks */ = {
			isa = PBXFrameworksBuildPhase;
			buildActionMask = 2147483647;
			files = (
				270C742C2CF3869B0074E458 /* FirebaseDatabase in Frameworks */,
				270C742A2CF3869B0074E458 /* FirebaseAuth in Frameworks */,
				273727082D28A08600D4E152 /* FirebasePerformance in Frameworks */,
				273727062D28A08100D4E152 /* FirebaseAnalytics in Frameworks */,
			);
			runOnlyForDeploymentPostprocessing = 0;
		};
		27C5E84B2CE726B5004170C8 /* Frameworks */ = {
			isa = PBXFrameworksBuildPhase;
			buildActionMask = 2147483647;
			files = (
			);
			runOnlyForDeploymentPostprocessing = 0;
		};
		27C5E8552CE726B5004170C8 /* Frameworks */ = {
			isa = PBXFrameworksBuildPhase;
			buildActionMask = 2147483647;
			files = (
			);
			runOnlyForDeploymentPostprocessing = 0;
		};
/* End PBXFrameworksBuildPhase section */

/* Begin PBXGroup section */
		273727042D28A08100D4E152 /* Frameworks */ = {
			isa = PBXGroup;
			children = (
			);
			name = Frameworks;
			sourceTree = "<group>";
		};
		27C5E8352CE726AB004170C8 = {
			isa = PBXGroup;
			children = (
				27C5E8402CE726AB004170C8 /* AttendanceScanner */,
				27C5E8512CE726B5004170C8 /* AttendanceScannerTests */,
				273727042D28A08100D4E152 /* Frameworks */,
				27C5E83F2CE726AB004170C8 /* Products */,
			);
			sourceTree = "<group>";
		};
		27C5E83F2CE726AB004170C8 /* Products */ = {
			isa = PBXGroup;
			children = (
				27C5E83E2CE726AB004170C8 /* AttendanceScanner.app */,
				27C5E84E2CE726B5004170C8 /* AttendanceScannerTests.xctest */,
				27C5E8582CE726B5004170C8 /* AttendanceScannerUITests.xctest */,
			);
			name = Products;
			sourceTree = "<group>";
		};
/* End PBXGroup section */

/* Begin PBXNativeTarget section */
		27C5E83D2CE726AB004170C8 /* AttendanceScanner */ = {
			isa = PBXNativeTarget;
			buildConfigurationList = 27C5E8622CE726B5004170C8 /* Build configuration list for PBXNativeTarget "AttendanceScanner" */;
			buildPhases = (
				27C5E83A2CE726AB004170C8 /* Sources */,
				27C5E83B2CE726AB004170C8 /* Frameworks */,
				27C5E83C2CE726AB004170C8 /* Resources */,
			);
			buildRules = (
			);
			dependencies = (
				2787BA472D1F5A810074654F /* PBXTargetDependency */,
			);
			fileSystemSynchronizedGroups = (
				27C5E8402CE726AB004170C8 /* AttendanceScanner */,
			);
			name = AttendanceScanner;
			packageProductDependencies = (
				270C74292CF3869B0074E458 /* FirebaseAuth */,
				270C742B2CF3869B0074E458 /* FirebaseDatabase */,
				273727052D28A08100D4E152 /* FirebaseAnalytics */,
				273727072D28A08600D4E152 /* FirebasePerformance */,
			);
			productName = AttendanceScanner;
			productReference = 27C5E83E2CE726AB004170C8 /* AttendanceScanner.app */;
			productType = "com.apple.product-type.application";
		};
		27C5E84D2CE726B5004170C8 /* AttendanceScannerTests */ = {
			isa = PBXNativeTarget;
			buildConfigurationList = 27C5E8652CE726B5004170C8 /* Build configuration list for PBXNativeTarget "AttendanceScannerTests" */;
			buildPhases = (
				27C5E84A2CE726B5004170C8 /* Sources */,
				27C5E84B2CE726B5004170C8 /* Frameworks */,
				27C5E84C2CE726B5004170C8 /* Resources */,
			);
			buildRules = (
			);
			dependencies = (
				27C5E8502CE726B5004170C8 /* PBXTargetDependency */,
			);
			fileSystemSynchronizedGroups = (
				27C5E8512CE726B5004170C8 /* AttendanceScannerTests */,
			);
			name = AttendanceScannerTests;
			packageProductDependencies = (
			);
			productName = AttendanceScannerTests;
			productReference = 27C5E84E2CE726B5004170C8 /* AttendanceScannerTests.xctest */;
			productType = "com.apple.product-type.bundle.unit-test";
		};
		27C5E8572CE726B5004170C8 /* AttendanceScannerUITests */ = {
			isa = PBXNativeTarget;
			buildConfigurationList = 27C5E8682CE726B5004170C8 /* Build configuration list for PBXNativeTarget "AttendanceScannerUITests" */;
			buildPhases = (
				27C5E8542CE726B5004170C8 /* Sources */,
				27C5E8552CE726B5004170C8 /* Frameworks */,
				27C5E8562CE726B5004170C8 /* Resources */,
			);
			buildRules = (
			);
			dependencies = (
				27C5E85A2CE726B5004170C8 /* PBXTargetDependency */,
			);
			name = AttendanceScannerUITests;
			packageProductDependencies = (
			);
			productName = AttendanceScannerUITests;
			productReference = 27C5E8582CE726B5004170C8 /* AttendanceScannerUITests.xctest */;
			productType = "com.apple.product-type.bundle.ui-testing";
		};
/* End PBXNativeTarget section */

/* Begin PBXProject section */
		27C5E8362CE726AB004170C8 /* Project object */ = {
			isa = PBXProject;
			attributes = {
				BuildIndependentTargetsInParallel = 1;
				LastSwiftUpdateCheck = 1610;
				LastUpgradeCheck = 1610;
				TargetAttributes = {
					27C5E83D2CE726AB004170C8 = {
						CreatedOnToolsVersion = 16.1;
					};
					27C5E84D2CE726B5004170C8 = {
						CreatedOnToolsVersion = 16.1;
						TestTargetID = 27C5E83D2CE726AB004170C8;
					};
					27C5E8572CE726B5004170C8 = {
						CreatedOnToolsVersion = 16.1;
						TestTargetID = 27C5E83D2CE726AB004170C8;
					};
				};
			};
			buildConfigurationList = 27C5E8392CE726AB004170C8 /* Build configuration list for PBXProject "AttendanceScanner" */;
			developmentRegion = en;
			hasScannedForEncodings = 0;
			knownRegions = (
				en,
				Base,
			);
			mainGroup = 27C5E8352CE726AB004170C8;
			minimizedProjectReferenceProxies = 1;
			packageReferences = (
				270C74282CF3869B0074E458 /* XCRemoteSwiftPackageReference "firebase-ios-sdk" */,
				2787BA452D1F5A5B0074654F /* XCRemoteSwiftPackageReference "SwiftLintPlugins" */,
			);
			preferredProjectObjectVersion = 77;
			productRefGroup = 27C5E83F2CE726AB004170C8 /* Products */;
			projectDirPath = "";
			projectRoot = "";
			targets = (
				27C5E83D2CE726AB004170C8 /* AttendanceScanner */,
				27C5E84D2CE726B5004170C8 /* AttendanceScannerTests */,
				27C5E8572CE726B5004170C8 /* AttendanceScannerUITests */,
			);
		};
/* End PBXProject section */

/* Begin PBXResourcesBuildPhase section */
		27C5E83C2CE726AB004170C8 /* Resources */ = {
			isa = PBXResourcesBuildPhase;
			buildActionMask = 2147483647;
			files = (
			);
			runOnlyForDeploymentPostprocessing = 0;
		};
		27C5E84C2CE726B5004170C8 /* Resources */ = {
			isa = PBXResourcesBuildPhase;
			buildActionMask = 2147483647;
			files = (
			);
			runOnlyForDeploymentPostprocessing = 0;
		};
		27C5E8562CE726B5004170C8 /* Resources */ = {
			isa = PBXResourcesBuildPhase;
			buildActionMask = 2147483647;
			files = (
			);
			runOnlyForDeploymentPostprocessing = 0;
		};
/* End PBXResourcesBuildPhase section */

/* Begin PBXSourcesBuildPhase section */
		27C5E83A2CE726AB004170C8 /* Sources */ = {
			isa = PBXSourcesBuildPhase;
			buildActionMask = 2147483647;
			files = (
			);
			runOnlyForDeploymentPostprocessing = 0;
		};
		27C5E84A2CE726B5004170C8 /* Sources */ = {
			isa = PBXSourcesBuildPhase;
			buildActionMask = 2147483647;
			files = (
			);
			runOnlyForDeploymentPostprocessing = 0;
		};
		27C5E8542CE726B5004170C8 /* Sources */ = {
			isa = PBXSourcesBuildPhase;
			buildActionMask = 2147483647;
			files = (
			);
			runOnlyForDeploymentPostprocessing = 0;
		};
/* End PBXSourcesBuildPhase section */

/* Begin PBXTargetDependency section */
		2787BA472D1F5A810074654F /* PBXTargetDependency */ = {
			isa = PBXTargetDependency;
			productRef = 2787BA462D1F5A810074654F /* SwiftLintBuildToolPlugin */;
		};
		27C5E8502CE726B5004170C8 /* PBXTargetDependency */ = {
			isa = PBXTargetDependency;
			target = 27C5E83D2CE726AB004170C8 /* AttendanceScanner */;
			targetProxy = 27C5E84F2CE726B5004170C8 /* PBXContainerItemProxy */;
		};
		27C5E85A2CE726B5004170C8 /* PBXTargetDependency */ = {
			isa = PBXTargetDependency;
			target = 27C5E83D2CE726AB004170C8 /* AttendanceScanner */;
			targetProxy = 27C5E8592CE726B5004170C8 /* PBXContainerItemProxy */;
		};
/* End PBXTargetDependency section */

/* Begin XCBuildConfiguration section */
		27C5E8602CE726B5004170C8 /* Debug */ = {
			isa = XCBuildConfiguration;
			buildSettings = {
				ALWAYS_SEARCH_USER_PATHS = NO;
				ASSETCATALOG_COMPILER_GENERATE_SWIFT_ASSET_SYMBOL_EXTENSIONS = YES;
				CLANG_ANALYZER_NONNULL = YES;
				CLANG_ANALYZER_NUMBER_OBJECT_CONVERSION = YES_AGGRESSIVE;
				CLANG_CXX_LANGUAGE_STANDARD = "gnu++20";
				CLANG_ENABLE_MODULES = YES;
				CLANG_ENABLE_OBJC_ARC = YES;
				CLANG_ENABLE_OBJC_WEAK = YES;
				CLANG_WARN_BLOCK_CAPTURE_AUTORELEASING = YES;
				CLANG_WARN_BOOL_CONVERSION = YES;
				CLANG_WARN_COMMA = YES;
				CLANG_WARN_CONSTANT_CONVERSION = YES;
				CLANG_WARN_DEPRECATED_OBJC_IMPLEMENTATIONS = YES;
				CLANG_WARN_DIRECT_OBJC_ISA_USAGE = YES_ERROR;
				CLANG_WARN_DOCUMENTATION_COMMENTS = YES;
				CLANG_WARN_EMPTY_BODY = YES;
				CLANG_WARN_ENUM_CONVERSION = YES;
				CLANG_WARN_INFINITE_RECURSION = YES;
				CLANG_WARN_INT_CONVERSION = YES;
				CLANG_WARN_NON_LITERAL_NULL_CONVERSION = YES;
				CLANG_WARN_OBJC_IMPLICIT_RETAIN_SELF = YES;
				CLANG_WARN_OBJC_LITERAL_CONVERSION = YES;
				CLANG_WARN_OBJC_ROOT_CLASS = YES_ERROR;
				CLANG_WARN_QUOTED_INCLUDE_IN_FRAMEWORK_HEADER = YES;
				CLANG_WARN_RANGE_LOOP_ANALYSIS = YES;
				CLANG_WARN_STRICT_PROTOTYPES = YES;
				CLANG_WARN_SUSPICIOUS_MOVE = YES;
				CLANG_WARN_UNGUARDED_AVAILABILITY = YES_AGGRESSIVE;
				CLANG_WARN_UNREACHABLE_CODE = YES;
				CLANG_WARN__DUPLICATE_METHOD_MATCH = YES;
				COPY_PHASE_STRIP = NO;
				DEBUG_INFORMATION_FORMAT = dwarf;
				ENABLE_STRICT_OBJC_MSGSEND = YES;
				ENABLE_TESTABILITY = YES;
				ENABLE_USER_SCRIPT_SANDBOXING = YES;
				GCC_C_LANGUAGE_STANDARD = gnu17;
				GCC_DYNAMIC_NO_PIC = NO;
				GCC_NO_COMMON_BLOCKS = YES;
				GCC_OPTIMIZATION_LEVEL = 0;
				GCC_PREPROCESSOR_DEFINITIONS = (
					"DEBUG=1",
					"$(inherited)",
				);
				GCC_WARN_64_TO_32_BIT_CONVERSION = YES;
				GCC_WARN_ABOUT_RETURN_TYPE = YES_ERROR;
				GCC_WARN_UNDECLARED_SELECTOR = YES;
				GCC_WARN_UNINITIALIZED_AUTOS = YES_AGGRESSIVE;
				GCC_WARN_UNUSED_FUNCTION = YES;
				GCC_WARN_UNUSED_VARIABLE = YES;
				IPHONEOS_DEPLOYMENT_TARGET = 18.1;
				LOCALIZATION_PREFERS_STRING_CATALOGS = YES;
				MTL_ENABLE_DEBUG_INFO = INCLUDE_SOURCE;
				MTL_FAST_MATH = YES;
				ONLY_ACTIVE_ARCH = YES;
				SDKROOT = iphoneos;
				SWIFT_ACTIVE_COMPILATION_CONDITIONS = "DEBUG $(inherited)";
				SWIFT_OPTIMIZATION_LEVEL = "-Onone";
			};
			name = Debug;
		};
		27C5E8612CE726B5004170C8 /* Release */ = {
			isa = XCBuildConfiguration;
			buildSettings = {
				ALWAYS_SEARCH_USER_PATHS = NO;
				ASSETCATALOG_COMPILER_GENERATE_SWIFT_ASSET_SYMBOL_EXTENSIONS = YES;
				CLANG_ANALYZER_NONNULL = YES;
				CLANG_ANALYZER_NUMBER_OBJECT_CONVERSION = YES_AGGRESSIVE;
				CLANG_CXX_LANGUAGE_STANDARD = "gnu++20";
				CLANG_ENABLE_MODULES = YES;
				CLANG_ENABLE_OBJC_ARC = YES;
				CLANG_ENABLE_OBJC_WEAK = YES;
				CLANG_WARN_BLOCK_CAPTURE_AUTORELEASING = YES;
				CLANG_WARN_BOOL_CONVERSION = YES;
				CLANG_WARN_COMMA = YES;
				CLANG_WARN_CONSTANT_CONVERSION = YES;
				CLANG_WARN_DEPRECATED_OBJC_IMPLEMENTATIONS = YES;
				CLANG_WARN_DIRECT_OBJC_ISA_USAGE = YES_ERROR;
				CLANG_WARN_DOCUMENTATION_COMMENTS = YES;
				CLANG_WARN_EMPTY_BODY = YES;
				CLANG_WARN_ENUM_CONVERSION = YES;
				CLANG_WARN_INFINITE_RECURSION = YES;
				CLANG_WARN_INT_CONVERSION = YES;
				CLANG_WARN_NON_LITERAL_NULL_CONVERSION = YES;
				CLANG_WARN_OBJC_IMPLICIT_RETAIN_SELF = YES;
				CLANG_WARN_OBJC_LITERAL_CONVERSION = YES;
				CLANG_WARN_OBJC_ROOT_CLASS = YES_ERROR;
				CLANG_WARN_QUOTED_INCLUDE_IN_FRAMEWORK_HEADER = YES;
				CLANG_WARN_RANGE_LOOP_ANALYSIS = YES;
				CLANG_WARN_STRICT_PROTOTYPES = YES;
				CLANG_WARN_SUSPICIOUS_MOVE = YES;
				CLANG_WARN_UNGUARDED_AVAILABILITY = YES_AGGRESSIVE;
				CLANG_WARN_UNREACHABLE_CODE = YES;
				CLANG_WARN__DUPLICATE_METHOD_MATCH = YES;
				COPY_PHASE_STRIP = NO;
				DEBUG_INFORMATION_FORMAT = "dwarf-with-dsym";
				ENABLE_NS_ASSERTIONS = NO;
				ENABLE_STRICT_OBJC_MSGSEND = YES;
				ENABLE_USER_SCRIPT_SANDBOXING = YES;
				GCC_C_LANGUAGE_STANDARD = gnu17;
				GCC_NO_COMMON_BLOCKS = YES;
				GCC_WARN_64_TO_32_BIT_CONVERSION = YES;
				GCC_WARN_ABOUT_RETURN_TYPE = YES_ERROR;
				GCC_WARN_UNDECLARED_SELECTOR = YES;
				GCC_WARN_UNINITIALIZED_AUTOS = YES_AGGRESSIVE;
				GCC_WARN_UNUSED_FUNCTION = YES;
				GCC_WARN_UNUSED_VARIABLE = YES;
				IPHONEOS_DEPLOYMENT_TARGET = 18.1;
				LOCALIZATION_PREFERS_STRING_CATALOGS = YES;
				MTL_ENABLE_DEBUG_INFO = NO;
				MTL_FAST_MATH = YES;
				SDKROOT = iphoneos;
				SWIFT_COMPILATION_MODE = wholemodule;
				VALIDATE_PRODUCT = YES;
			};
			name = Release;
		};
		27C5E8632CE726B5004170C8 /* Debug */ = {
			isa = XCBuildConfiguration;
			buildSettings = {
				ASSETCATALOG_COMPILER_APPICON_NAME = AppIcon;
				ASSETCATALOG_COMPILER_GLOBAL_ACCENT_COLOR_NAME = AccentColor;
				CODE_SIGN_STYLE = Automatic;
				CURRENT_PROJECT_VERSION = 1;
				DEVELOPMENT_ASSET_PATHS = "\"AttendanceScanner/Preview Content\"";
				DEVELOPMENT_TEAM = C7423QP66K;
				ENABLE_PREVIEWS = YES;
				GENERATE_INFOPLIST_FILE = YES;
				INFOPLIST_FILE = AttendanceScanner/Info.plist;
				INFOPLIST_KEY_NSCameraUsageDescription = "We need to access your camera for scanning QR code.";
				INFOPLIST_KEY_UIApplicationSceneManifest_Generation = YES;
				INFOPLIST_KEY_UIApplicationSupportsIndirectInputEvents = YES;
				INFOPLIST_KEY_UILaunchScreen_Generation = YES;
				INFOPLIST_KEY_UISupportedInterfaceOrientations_iPad = "UIInterfaceOrientationPortrait UIInterfaceOrientationPortraitUpsideDown UIInterfaceOrientationLandscapeLeft UIInterfaceOrientationLandscapeRight";
				INFOPLIST_KEY_UISupportedInterfaceOrientations_iPhone = "UIInterfaceOrientationPortrait UIInterfaceOrientationLandscapeLeft UIInterfaceOrientationLandscapeRight";
				IPHONEOS_DEPLOYMENT_TARGET = 17.6;
				LD_RUNPATH_SEARCH_PATHS = (
					"$(inherited)",
					"@executable_path/Frameworks",
				);
				MARKETING_VERSION = 1.0;
				PRODUCT_BUNDLE_IDENTIFIER = com.ioanabojinca.AttendanceScanner;
				PRODUCT_NAME = "$(TARGET_NAME)";
				SWIFT_EMIT_LOC_STRINGS = YES;
				SWIFT_VERSION = 5.0;
				TARGETED_DEVICE_FAMILY = "1,2";
			};
			name = Debug;
		};
		27C5E8642CE726B5004170C8 /* Release */ = {
			isa = XCBuildConfiguration;
			buildSettings = {
				ASSETCATALOG_COMPILER_APPICON_NAME = AppIcon;
				ASSETCATALOG_COMPILER_GLOBAL_ACCENT_COLOR_NAME = AccentColor;
				CODE_SIGN_STYLE = Automatic;
				CURRENT_PROJECT_VERSION = 1;
				DEVELOPMENT_ASSET_PATHS = "\"AttendanceScanner/Preview Content\"";
				DEVELOPMENT_TEAM = C7423QP66K;
				ENABLE_PREVIEWS = YES;
				GENERATE_INFOPLIST_FILE = YES;
				INFOPLIST_FILE = AttendanceScanner/Info.plist;
				INFOPLIST_KEY_NSCameraUsageDescription = "We need to access your camera for scanning QR code.";
				INFOPLIST_KEY_UIApplicationSceneManifest_Generation = YES;
				INFOPLIST_KEY_UIApplicationSupportsIndirectInputEvents = YES;
				INFOPLIST_KEY_UILaunchScreen_Generation = YES;
				INFOPLIST_KEY_UISupportedInterfaceOrientations_iPad = "UIInterfaceOrientationPortrait UIInterfaceOrientationPortraitUpsideDown UIInterfaceOrientationLandscapeLeft UIInterfaceOrientationLandscapeRight";
				INFOPLIST_KEY_UISupportedInterfaceOrientations_iPhone = "UIInterfaceOrientationPortrait UIInterfaceOrientationLandscapeLeft UIInterfaceOrientationLandscapeRight";
				IPHONEOS_DEPLOYMENT_TARGET = 17.6;
				LD_RUNPATH_SEARCH_PATHS = (
					"$(inherited)",
					"@executable_path/Frameworks",
				);
				MARKETING_VERSION = 1.0;
				PRODUCT_BUNDLE_IDENTIFIER = com.ioanabojinca.AttendanceScanner;
				PRODUCT_NAME = "$(TARGET_NAME)";
				SWIFT_EMIT_LOC_STRINGS = YES;
				SWIFT_VERSION = 5.0;
				TARGETED_DEVICE_FAMILY = "1,2";
			};
			name = Release;
		};
		27C5E8662CE726B5004170C8 /* Debug */ = {
			isa = XCBuildConfiguration;
			buildSettings = {
				BUNDLE_LOADER = "$(TEST_HOST)";
				CODE_SIGN_STYLE = Automatic;
				CURRENT_PROJECT_VERSION = 1;
				GENERATE_INFOPLIST_FILE = YES;
				IPHONEOS_DEPLOYMENT_TARGET = 18.1;
				MARKETING_VERSION = 1.0;
				PRODUCT_BUNDLE_IDENTIFIER = com.ioanabojinca.AttendanceScannerTests;
				PRODUCT_NAME = "$(TARGET_NAME)";
				SWIFT_EMIT_LOC_STRINGS = NO;
				SWIFT_VERSION = 5.0;
				TARGETED_DEVICE_FAMILY = "1,2";
				TEST_HOST = "$(BUILT_PRODUCTS_DIR)/AttendanceScanner.app/$(BUNDLE_EXECUTABLE_FOLDER_PATH)/AttendanceScanner";
			};
			name = Debug;
		};
		27C5E8672CE726B5004170C8 /* Release */ = {
			isa = XCBuildConfiguration;
			buildSettings = {
				BUNDLE_LOADER = "$(TEST_HOST)";
				CODE_SIGN_STYLE = Automatic;
				CURRENT_PROJECT_VERSION = 1;
				GENERATE_INFOPLIST_FILE = YES;
				IPHONEOS_DEPLOYMENT_TARGET = 18.1;
				MARKETING_VERSION = 1.0;
				PRODUCT_BUNDLE_IDENTIFIER = com.ioanabojinca.AttendanceScannerTests;
				PRODUCT_NAME = "$(TARGET_NAME)";
				SWIFT_EMIT_LOC_STRINGS = NO;
				SWIFT_VERSION = 5.0;
				TARGETED_DEVICE_FAMILY = "1,2";
				TEST_HOST = "$(BUILT_PRODUCTS_DIR)/AttendanceScanner.app/$(BUNDLE_EXECUTABLE_FOLDER_PATH)/AttendanceScanner";
			};
			name = Release;
		};
		27C5E8692CE726B5004170C8 /* Debug */ = {
			isa = XCBuildConfiguration;
			buildSettings = {
				CODE_SIGN_STYLE = Automatic;
				CURRENT_PROJECT_VERSION = 1;
				GENERATE_INFOPLIST_FILE = YES;
				MARKETING_VERSION = 1.0;
				PRODUCT_BUNDLE_IDENTIFIER = com.ioanabojinca.AttendanceScannerUITests;
				PRODUCT_NAME = "$(TARGET_NAME)";
				SWIFT_EMIT_LOC_STRINGS = NO;
				SWIFT_VERSION = 5.0;
				TARGETED_DEVICE_FAMILY = "1,2";
				TEST_TARGET_NAME = AttendanceScanner;
			};
			name = Debug;
		};
		27C5E86A2CE726B5004170C8 /* Release */ = {
			isa = XCBuildConfiguration;
			buildSettings = {
				CODE_SIGN_STYLE = Automatic;
				CURRENT_PROJECT_VERSION = 1;
				GENERATE_INFOPLIST_FILE = YES;
				MARKETING_VERSION = 1.0;
				PRODUCT_BUNDLE_IDENTIFIER = com.ioanabojinca.AttendanceScannerUITests;
				PRODUCT_NAME = "$(TARGET_NAME)";
				SWIFT_EMIT_LOC_STRINGS = NO;
				SWIFT_VERSION = 5.0;
				TARGETED_DEVICE_FAMILY = "1,2";
				TEST_TARGET_NAME = AttendanceScanner;
			};
			name = Release;
		};
/* End XCBuildConfiguration section */

/* Begin XCConfigurationList section */
		27C5E8392CE726AB004170C8 /* Build configuration list for PBXProject "AttendanceScanner" */ = {
			isa = XCConfigurationList;
			buildConfigurations = (
				27C5E8602CE726B5004170C8 /* Debug */,
				27C5E8612CE726B5004170C8 /* Release */,
			);
			defaultConfigurationIsVisible = 0;
			defaultConfigurationName = Release;
		};
		27C5E8622CE726B5004170C8 /* Build configuration list for PBXNativeTarget "AttendanceScanner" */ = {
			isa = XCConfigurationList;
			buildConfigurations = (
				27C5E8632CE726B5004170C8 /* Debug */,
				27C5E8642CE726B5004170C8 /* Release */,
			);
			defaultConfigurationIsVisible = 0;
			defaultConfigurationName = Release;
		};
		27C5E8652CE726B5004170C8 /* Build configuration list for PBXNativeTarget "AttendanceScannerTests" */ = {
			isa = XCConfigurationList;
			buildConfigurations = (
				27C5E8662CE726B5004170C8 /* Debug */,
				27C5E8672CE726B5004170C8 /* Release */,
			);
			defaultConfigurationIsVisible = 0;
			defaultConfigurationName = Release;
		};
		27C5E8682CE726B5004170C8 /* Build configuration list for PBXNativeTarget "AttendanceScannerUITests" */ = {
			isa = XCConfigurationList;
			buildConfigurations = (
				27C5E8692CE726B5004170C8 /* Debug */,
				27C5E86A2CE726B5004170C8 /* Release */,
			);
			defaultConfigurationIsVisible = 0;
			defaultConfigurationName = Release;
		};
/* End XCConfigurationList section */

/* Begin XCRemoteSwiftPackageReference section */
		270C74282CF3869B0074E458 /* XCRemoteSwiftPackageReference "firebase-ios-sdk" */ = {
			isa = XCRemoteSwiftPackageReference;
			repositoryURL = "https://github.com/firebase/firebase-ios-sdk";
			requirement = {
				kind = upToNextMajorVersion;
				minimumVersion = 11.5.0;
			};
		};
		2787BA452D1F5A5B0074654F /* XCRemoteSwiftPackageReference "SwiftLintPlugins" */ = {
			isa = XCRemoteSwiftPackageReference;
			repositoryURL = "https://github.com/SimplyDanny/SwiftLintPlugins";
			requirement = {
				kind = upToNextMajorVersion;
				minimumVersion = 0.57.1;
			};
		};
/* End XCRemoteSwiftPackageReference section */

/* Begin XCSwiftPackageProductDependency section */
		270C74292CF3869B0074E458 /* FirebaseAuth */ = {
			isa = XCSwiftPackageProductDependency;
			package = 270C74282CF3869B0074E458 /* XCRemoteSwiftPackageReference "firebase-ios-sdk" */;
			productName = FirebaseAuth;
		};
		270C742B2CF3869B0074E458 /* FirebaseDatabase */ = {
			isa = XCSwiftPackageProductDependency;
			package = 270C74282CF3869B0074E458 /* XCRemoteSwiftPackageReference "firebase-ios-sdk" */;
			productName = FirebaseDatabase;
		};
		273727052D28A08100D4E152 /* FirebaseAnalytics */ = {
			isa = XCSwiftPackageProductDependency;
			package = 270C74282CF3869B0074E458 /* XCRemoteSwiftPackageReference "firebase-ios-sdk" */;
			productName = FirebaseAnalytics;
		};
		273727072D28A08600D4E152 /* FirebasePerformance */ = {
			isa = XCSwiftPackageProductDependency;
			package = 270C74282CF3869B0074E458 /* XCRemoteSwiftPackageReference "firebase-ios-sdk" */;
			productName = FirebasePerformance;
		};
		2787BA462D1F5A810074654F /* SwiftLintBuildToolPlugin */ = {
			isa = XCSwiftPackageProductDependency;
			package = 2787BA452D1F5A5B0074654F /* XCRemoteSwiftPackageReference "SwiftLintPlugins" */;
			productName = "plugin:SwiftLintBuildToolPlugin";
		};
/* End XCSwiftPackageProductDependency section */
	};
	rootObject = 27C5E8362CE726AB004170C8 /* Project object */;
}
